
Microsoft Visual Studio Solution File, Format Version 12.00
# Visual Studio Version 16
VisualStudioVersion = 16.0.30621.155
MinimumVisualStudioVersion = 10.0.40219.1
Project("{9A19103F-16F7-4668-BE54-9A1E7A4F7556}") = "TestMod", "TestMod.csproj", "{1788DFA0-508B-423E-BD4B-DE4C1470C9DC}"
EndProject
Global
	GlobalSection(SolutionConfigurationPlatforms) = preSolution
		Debug|Any CPU = Debug|Any CPU
		Release|Any CPU = Release|Any CPU
	EndGlobalSection
	GlobalSection(ProjectConfigurationPlatforms) = postSolution
		{1788DFA0-508B-423E-BD4B-DE4C1470C9DC}.Debug|Any CPU.ActiveCfg = Debug|Any CPU
		{1788DFA0-508B-423E-BD4B-DE4C1470C9DC}.Debug|Any CPU.Build.0 = Debug|Any CPU
		{1788DFA0-508B-423E-BD4B-DE4C1470C9DC}.Release|Any CPU.ActiveCfg = Release|Any CPU
		{1788DFA0-508B-423E-BD4B-DE4C1470C9DC}.Release|Any CPU.Build.0 = Release|Any CPU
	EndGlobalSection
	GlobalSection(SolutionProperties) = preSolution
		HideSolutionNode = FALSE
	EndGlobalSection
	GlobalSection(ExtensibilityGlobals) = postSolution
		SolutionGuid = {1125745E-594F-4EF1-9EDB-70AA59F99873}
	EndGlobalSection
EndGlobal
